
Microsoft Visual Studio Solution File, Format Version 12.00
# Visual Studio Version 16
VisualStudioVersion = 16.0.29409.12
MinimumVisualStudioVersion = 10.0.40219.1
Project("{8BC9CEB8-8B4A-11D0-8D11-00A0C91BC942}") = "HW08", "HW08\HW08.vcxproj", "{4D039B83-5EBF-4542-A35B-A3C5AF57449F}"
EndProject
Global
	GlobalSection(SolutionConfigurationPlatforms) = preSolution
		Debug|x64 = Debug|x64
		Debug|x86 = Debug|x86
		Release|x64 = Release|x64
		Release|x86 = Release|x86
	EndGlobalSection
	GlobalSection(ProjectConfigurationPlatforms) = postSolution
		{4D039B83-5EBF-4542-A35B-A3C5AF57449F}.Debug|x64.ActiveCfg = Debug|x64
		{4D039B83-5EBF-4542-A35B-A3C5AF57449F}.Debug|x64.Build.0 = Debug|x64
		{4D039B83-5EBF-4542-A35B-A3C5AF57449F}.Debug|x86.ActiveCfg = Debug|Win32
		{4D039B83-5EBF-4542-A35B-A3C5AF57449F}.Debug|x86.Build.0 = Debug|Win32
		{4D039B83-5EBF-4542-A35B-A3C5AF57449F}.Release|x64.ActiveCfg = Release|x64
		{4D039B83-5EBF-4542-A35B-A3C5AF57449F}.Release|x64.Build.0 = Release|x64
		{4D039B83-5EBF-4542-A35B-A3C5AF57449F}.Release|x86.ActiveCfg = Release|Win32
		{4D039B83-5EBF-4542-A35B-A3C5AF57449F}.Release|x86.Build.0 = Release|Win32
	EndGlobalSection
	GlobalSection(SolutionProperties) = preSolution
		HideSolutionNode = FALSE
	EndGlobalSection
	GlobalSection(ExtensibilityGlobals) = postSolution
		SolutionGuid = {751F67A4-1DEC-4A57-8FED-C774E60AF70E}
	EndGlobalSection
EndGlobal
